
Microsoft Visual Studio Solution File, Format Version 12.00
# Visual Studio Version 17
VisualStudioVersion = 17.0.31903.59
MinimumVisualStudioVersion = 10.0.40219.1
Project("{2150E333-8FDC-42A3-9474-1A3956D46DE8}") = "apps", "apps", "{90969B98-7C30-4771-9C36-9D0FCBB0F29F}"
EndProject
Project("{2150E333-8FDC-42A3-9474-1A3956D46DE8}") = "marketing", "marketing", "{F5D41917-780E-4222-B2CC-AD0E6C0C953B}"
EndProject
Project("{FAE04EC0-301F-11D3-BF4B-00C04F79EFBC}") = "StepGo.Marketing", "apps\marketing\StepGo.Marketing\StepGo.Marketing.csproj", "{97F30D2E-70B3-47D7-8D79-4D7ED53FBAB8}"
EndProject
Project("{FAE04EC0-301F-11D3-BF4B-00C04F79EFBC}") = "StepGo.Marketing.Client", "apps\marketing\StepGo.Marketing.Client\StepGo.Marketing.Client.csproj", "{65678D4D-9073-4355-89A2-A6F7DDEAA24B}"
EndProject
Project("{FAE04EC0-301F-11D3-BF4B-00C04F79EFBC}") = "StepGo.TeacherPortal", "apps\teacher-portal\StepGo.TeacherPortal.csproj", "{F4597DE7-1089-4CE6-8598-F3DC2211AD52}"
EndProject
Project("{FAE04EC0-301F-11D3-BF4B-00C04F79EFBC}") = "StepGo.StudentPortal", "apps\student-portal\StepGo.StudentPortal.csproj", "{45A0DE94-F949-41A3-9571-CDBA24D2364D}"
EndProject
Project("{FAE04EC0-301F-11D3-BF4B-00C04F79EFBC}") = "StepGo.AdminPanel", "apps\admin-panel\StepGo.AdminPanel.csproj", "{FA23741D-2A4C-45F5-99CA-4970DA0859D8}"
EndProject
Project("{2150E333-8FDC-42A3-9474-1A3956D46DE8}") = "libs", "libs", "{338982C4-8CB5-4339-87E7-6A489F5D2CFB}"
EndProject
Project("{FAE04EC0-301F-11D3-BF4B-00C04F79EFBC}") = "StepGo.UI", "libs\StepGo.UI\StepGo.UI.csproj", "{A3136EC5-7AD6-43ED-BF04-1E87C803360E}"
EndProject
Project("{FAE04EC0-301F-11D3-BF4B-00C04F79EFBC}") = "StepGo.ApiClient", "libs\StepGo.ApiClient\StepGo.ApiClient.csproj", "{609E6899-FABB-4B14-BC09-930E4C43AB97}"
EndProject
Project("{FAE04EC0-301F-11D3-BF4B-00C04F79EFBC}") = "StepGo.PricingRules", "libs\StepGo.PricingRules\StepGo.PricingRules.csproj", "{23337488-07CC-4C18-BDD6-B17941DEB8AF}"
EndProject
Project("{2150E333-8FDC-42A3-9474-1A3956D46DE8}") = "tests", "tests", "{C006860C-9D0E-46E8-B09D-2CBEC48D4ECE}"
EndProject
Project("{FAE04EC0-301F-11D3-BF4B-00C04F79EFBC}") = "StepGo.UI.Tests", "tests\StepGo.UI.Tests\StepGo.UI.Tests.csproj", "{A93D59B3-8DA9-4E87-8864-5177975DF20F}"
EndProject
Project("{FAE04EC0-301F-11D3-BF4B-00C04F79EFBC}") = "StepGo.PricingRules.Tests", "tests\StepGo.PricingRules.Tests\StepGo.PricingRules.Tests.csproj", "{C0929F66-EB22-4036-8908-E249EDFBF3D3}"
EndProject
Project("{FAE04EC0-301F-11D3-BF4B-00C04F79EFBC}") = "StepGo.Marketing.Tests", "tests\StepGo.Marketing.Tests\StepGo.Marketing.Tests.csproj", "{4EDAB480-642B-4247-8024-955E1F7F9E08}"
EndProject
Project("{FAE04EC0-301F-11D3-BF4B-00C04F79EFBC}") = "StepGo.ApiClient.Tests", "tests\StepGo.ApiClient.Tests\StepGo.ApiClient.Tests.csproj", "{15FCD608-2D25-463F-9D59-E37C6A6F1ECA}"
EndProject
Project("{FAE04EC0-301F-11D3-BF4B-00C04F79EFBC}") = "StepGo.TeacherPortal.Tests", "tests\StepGo.TeacherPortal.Tests\StepGo.TeacherPortal.Tests.csproj", "{135A7C9C-619D-47AC-88A5-6B0AC6EC2DDA}"
EndProject
Project("{FAE04EC0-301F-11D3-BF4B-00C04F79EFBC}") = "StepGo.StudentPortal.Tests", "tests\StepGo.StudentPortal.Tests\StepGo.StudentPortal.Tests.csproj", "{E9E22FAB-C063-4ACE-BA27-C02110CD90C4}"
EndProject
Project("{FAE04EC0-301F-11D3-BF4B-00C04F79EFBC}") = "StepGo.AdminPanel.Tests", "tests\StepGo.AdminPanel.Tests\StepGo.AdminPanel.Tests.csproj", "{3E1663CC-0024-4DEF-9B1D-381C5F7871B3}"
EndProject
Global
	GlobalSection(SolutionConfigurationPlatforms) = preSolution
		Debug|Any CPU = Debug|Any CPU
		Release|Any CPU = Release|Any CPU
	EndGlobalSection
	GlobalSection(SolutionProperties) = preSolution
		HideSolutionNode = FALSE
	EndGlobalSection
	GlobalSection(ProjectConfigurationPlatforms) = postSolution
		{97F30D2E-70B3-47D7-8D79-4D7ED53FBAB8}.Debug|Any CPU.ActiveCfg = Debug|Any CPU
		{97F30D2E-70B3-47D7-8D79-4D7ED53FBAB8}.Debug|Any CPU.Build.0 = Debug|Any CPU
		{97F30D2E-70B3-47D7-8D79-4D7ED53FBAB8}.Release|Any CPU.ActiveCfg = Release|Any CPU
		{97F30D2E-70B3-47D7-8D79-4D7ED53FBAB8}.Release|Any CPU.Build.0 = Release|Any CPU
		{65678D4D-9073-4355-89A2-A6F7DDEAA24B}.Debug|Any CPU.ActiveCfg = Debug|Any CPU
		{65678D4D-9073-4355-89A2-A6F7DDEAA24B}.Debug|Any CPU.Build.0 = Debug|Any CPU
		{65678D4D-9073-4355-89A2-A6F7DDEAA24B}.Release|Any CPU.ActiveCfg = Release|Any CPU
		{65678D4D-9073-4355-89A2-A6F7DDEAA24B}.Release|Any CPU.Build.0 = Release|Any CPU
		{F4597DE7-1089-4CE6-8598-F3DC2211AD52}.Debug|Any CPU.ActiveCfg = Debug|Any CPU
		{F4597DE7-1089-4CE6-8598-F3DC2211AD52}.Debug|Any CPU.Build.0 = Debug|Any CPU
		{F4597DE7-1089-4CE6-8598-F3DC2211AD52}.Release|Any CPU.ActiveCfg = Release|Any CPU
		{F4597DE7-1089-4CE6-8598-F3DC2211AD52}.Release|Any CPU.Build.0 = Release|Any CPU
		{45A0DE94-F949-41A3-9571-CDBA24D2364D}.Debug|Any CPU.ActiveCfg = Debug|Any CPU
		{45A0DE94-F949-41A3-9571-CDBA24D2364D}.Debug|Any CPU.Build.0 = Debug|Any CPU
		{45A0DE94-F949-41A3-9571-CDBA24D2364D}.Release|Any CPU.ActiveCfg = Release|Any CPU
		{45A0DE94-F949-41A3-9571-CDBA24D2364D}.Release|Any CPU.Build.0 = Release|Any CPU
		{FA23741D-2A4C-45F5-99CA-4970DA0859D8}.Debug|Any CPU.ActiveCfg = Debug|Any CPU
		{FA23741D-2A4C-45F5-99CA-4970DA0859D8}.Debug|Any CPU.Build.0 = Debug|Any CPU
		{FA23741D-2A4C-45F5-99CA-4970DA0859D8}.Release|Any CPU.ActiveCfg = Release|Any CPU
		{FA23741D-2A4C-45F5-99CA-4970DA0859D8}.Release|Any CPU.Build.0 = Release|Any CPU
		{A3136EC5-7AD6-43ED-BF04-1E87C803360E}.Debug|Any CPU.ActiveCfg = Debug|Any CPU
		{A3136EC5-7AD6-43ED-BF04-1E87C803360E}.Debug|Any CPU.Build.0 = Debug|Any CPU
		{A3136EC5-7AD6-43ED-BF04-1E87C803360E}.Release|Any CPU.ActiveCfg = Release|Any CPU
		{A3136EC5-7AD6-43ED-BF04-1E87C803360E}.Release|Any CPU.Build.0 = Release|Any CPU
		{609E6899-FABB-4B14-BC09-930E4C43AB97}.Debug|Any CPU.ActiveCfg = Debug|Any CPU
		{609E6899-FABB-4B14-BC09-930E4C43AB97}.Debug|Any CPU.Build.0 = Debug|Any CPU
		{609E6899-FABB-4B14-BC09-930E4C43AB97}.Release|Any CPU.ActiveCfg = Release|Any CPU
		{609E6899-FABB-4B14-BC09-930E4C43AB97}.Release|Any CPU.Build.0 = Release|Any CPU
		{23337488-07CC-4C18-BDD6-B17941DEB8AF}.Debug|Any CPU.ActiveCfg = Debug|Any CPU
		{23337488-07CC-4C18-BDD6-B17941DEB8AF}.Debug|Any CPU.Build.0 = Debug|Any CPU
		{23337488-07CC-4C18-BDD6-B17941DEB8AF}.Release|Any CPU.ActiveCfg = Release|Any CPU
		{23337488-07CC-4C18-BDD6-B17941DEB8AF}.Release|Any CPU.Build.0 = Release|Any CPU
		{A93D59B3-8DA9-4E87-8864-5177975DF20F}.Debug|Any CPU.ActiveCfg = Debug|Any CPU
		{A93D59B3-8DA9-4E87-8864-5177975DF20F}.Debug|Any CPU.Build.0 = Debug|Any CPU
		{A93D59B3-8DA9-4E87-8864-5177975DF20F}.Release|Any CPU.ActiveCfg = Release|Any CPU
		{A93D59B3-8DA9-4E87-8864-5177975DF20F}.Release|Any CPU.Build.0 = Release|Any CPU
		{C0929F66-EB22-4036-8908-E249EDFBF3D3}.Debug|Any CPU.ActiveCfg = Debug|Any CPU
		{C0929F66-EB22-4036-8908-E249EDFBF3D3}.Debug|Any CPU.Build.0 = Debug|Any CPU
		{C0929F66-EB22-4036-8908-E249EDFBF3D3}.Release|Any CPU.ActiveCfg = Release|Any CPU
		{C0929F66-EB22-4036-8908-E249EDFBF3D3}.Release|Any CPU.Build.0 = Release|Any CPU
		{4EDAB480-642B-4247-8024-955E1F7F9E08}.Debug|Any CPU.ActiveCfg = Debug|Any CPU
		{4EDAB480-642B-4247-8024-955E1F7F9E08}.Debug|Any CPU.Build.0 = Debug|Any CPU
		{4EDAB480-642B-4247-8024-955E1F7F9E08}.Release|Any CPU.ActiveCfg = Release|Any CPU
		{4EDAB480-642B-4247-8024-955E1F7F9E08}.Release|Any CPU.Build.0 = Release|Any CPU
		{15FCD608-2D25-463F-9D59-E37C6A6F1ECA}.Debug|Any CPU.ActiveCfg = Debug|Any CPU
		{15FCD608-2D25-463F-9D59-E37C6A6F1ECA}.Debug|Any CPU.Build.0 = Debug|Any CPU
		{15FCD608-2D25-463F-9D59-E37C6A6F1ECA}.Release|Any CPU.ActiveCfg = Release|Any CPU
		{15FCD608-2D25-463F-9D59-E37C6A6F1ECA}.Release|Any CPU.Build.0 = Release|Any CPU
		{135A7C9C-619D-47AC-88A5-6B0AC6EC2DDA}.Debug|Any CPU.ActiveCfg = Debug|Any CPU
		{135A7C9C-619D-47AC-88A5-6B0AC6EC2DDA}.Debug|Any CPU.Build.0 = Debug|Any CPU
		{135A7C9C-619D-47AC-88A5-6B0AC6EC2DDA}.Release|Any CPU.ActiveCfg = Release|Any CPU
		{135A7C9C-619D-47AC-88A5-6B0AC6EC2DDA}.Release|Any CPU.Build.0 = Release|Any CPU
		{E9E22FAB-C063-4ACE-BA27-C02110CD90C4}.Debug|Any CPU.ActiveCfg = Debug|Any CPU
		{E9E22FAB-C063-4ACE-BA27-C02110CD90C4}.Debug|Any CPU.Build.0 = Debug|Any CPU
		{E9E22FAB-C063-4ACE-BA27-C02110CD90C4}.Release|Any CPU.ActiveCfg = Release|Any CPU
		{E9E22FAB-C063-4ACE-BA27-C02110CD90C4}.Release|Any CPU.Build.0 = Release|Any CPU
		{3E1663CC-0024-4DEF-9B1D-381C5F7871B3}.Debug|Any CPU.ActiveCfg = Debug|Any CPU
		{3E1663CC-0024-4DEF-9B1D-381C5F7871B3}.Debug|Any CPU.Build.0 = Debug|Any CPU
		{3E1663CC-0024-4DEF-9B1D-381C5F7871B3}.Release|Any CPU.ActiveCfg = Release|Any CPU
		{3E1663CC-0024-4DEF-9B1D-381C5F7871B3}.Release|Any CPU.Build.0 = Release|Any CPU
	EndGlobalSection
	GlobalSection(NestedProjects) = preSolution
		{F5D41917-780E-4222-B2CC-AD0E6C0C953B} = {90969B98-7C30-4771-9C36-9D0FCBB0F29F}
		{97F30D2E-70B3-47D7-8D79-4D7ED53FBAB8} = {F5D41917-780E-4222-B2CC-AD0E6C0C953B}
		{65678D4D-9073-4355-89A2-A6F7DDEAA24B} = {F5D41917-780E-4222-B2CC-AD0E6C0C953B}
		{F4597DE7-1089-4CE6-8598-F3DC2211AD52} = {90969B98-7C30-4771-9C36-9D0FCBB0F29F}
		{45A0DE94-F949-41A3-9571-CDBA24D2364D} = {90969B98-7C30-4771-9C36-9D0FCBB0F29F}
		{FA23741D-2A4C-45F5-99CA-4970DA0859D8} = {90969B98-7C30-4771-9C36-9D0FCBB0F29F}
		{A3136EC5-7AD6-43ED-BF04-1E87C803360E} = {338982C4-8CB5-4339-87E7-6A489F5D2CFB}
		{609E6899-FABB-4B14-BC09-930E4C43AB97} = {338982C4-8CB5-4339-87E7-6A489F5D2CFB}
		{23337488-07CC-4C18-BDD6-B17941DEB8AF} = {338982C4-8CB5-4339-87E7-6A489F5D2CFB}
		{A93D59B3-8DA9-4E87-8864-5177975DF20F} = {C006860C-9D0E-46E8-B09D-2CBEC48D4ECE}
		{C0929F66-EB22-4036-8908-E249EDFBF3D3} = {C006860C-9D0E-46E8-B09D-2CBEC48D4ECE}
		{4EDAB480-642B-4247-8024-955E1F7F9E08} = {C006860C-9D0E-46E8-B09D-2CBEC48D4ECE}
		{15FCD608-2D25-463F-9D59-E37C6A6F1ECA} = {C006860C-9D0E-46E8-B09D-2CBEC48D4ECE}
		{135A7C9C-619D-47AC-88A5-6B0AC6EC2DDA} = {C006860C-9D0E-46E8-B09D-2CBEC48D4ECE}
		{E9E22FAB-C063-4ACE-BA27-C02110CD90C4} = {C006860C-9D0E-46E8-B09D-2CBEC48D4ECE}
		{3E1663CC-0024-4DEF-9B1D-381C5F7871B3} = {C006860C-9D0E-46E8-B09D-2CBEC48D4ECE}
	EndGlobalSection
EndGlobal
