<Solution>
  <Folder Name="/src/">
    <Project Path="src/StepGo.Api/StepGo.Api.csproj" />
    <Project Path="src/StepGo.Api.Shared/StepGo.Api.Shared.csproj" />
    <Project Path="src/StepGo.Application/StepGo.Application.csproj" />
    <Project Path="src/StepGo.Contracts/StepGo.Contracts.csproj" />
    <Project Path="src/StepGo.Domain/StepGo.Domain.csproj" />
    <Project Path="src/StepGo.Infrastructure/StepGo.Infrastructure.csproj" />
    <Project Path="src/StepGo.Worker/StepGo.Worker.csproj" />
  </Folder>
  <Folder Name="/tests/">
    <Project Path="tests/StepGo.Application.Tests/StepGo.Application.Tests.csproj" />
    <Project Path="tests/StepGo.Domain.Tests/StepGo.Domain.Tests.csproj" />
    <Project Path="tests/StepGo.Infrastructure.Tests/StepGo.Infrastructure.Tests.csproj" />
  </Folder>
</Solution>
