<Solution>
  <Folder Name="/src/">
    <Project Path="src/StepGo.Api/StepGo.Api.csproj" />
    <Project Path="src/StepGo.Api.Shared/StepGo.Api.Shared.csproj" />
    <Project Path="src/StepGo.Contracts/StepGo.Contracts.csproj" />
    <Project Path="src/StepGo.Courses/StepGo.Courses.csproj" />
    <Project Path="src/StepGo.Governance/StepGo.Governance.csproj" />
    <Project Path="src/StepGo.Identity/StepGo.Identity.csproj" />
    <Project Path="src/StepGo.Notifications/StepGo.Notifications.csproj" />
    <Project Path="src/StepGo.Orders/StepGo.Orders.csproj" />
    <Project Path="src/StepGo.Payouts/StepGo.Payouts.csproj" />
    <Project Path="src/StepGo.RefundTickets/StepGo.RefundTickets.csproj" />
    <Project Path="src/StepGo.Shared/StepGo.Shared.csproj" />
    <Project Path="src/StepGo.Worker/StepGo.Worker.csproj" />
  </Folder>
  <Folder Name="/tests/">
    <Project Path="tests/StepGo.Application.Tests/StepGo.Application.Tests.csproj" />
    <Project Path="tests/StepGo.Domain.Tests/StepGo.Domain.Tests.csproj" />
    <Project Path="tests/StepGo.Infrastructure.Tests/StepGo.Infrastructure.Tests.csproj" />
  </Folder>
</Solution>
